// !$*UTF8*$!
{
	archiveVersion = 1;
	classes = {
	};
	objectVersion = 46;
	objects = {

/* Begin PBXBuildFile section */
		651624361F16DA9F00932E26 /* AppDelegate.swift in Sources */ = {isa = PBXBuildFile; fileRef = 651624351F16DA9F00932E26 /* AppDelegate.swift */; };
		651624381F16DA9F00932E26 /* GameScene.sks in Resources */ = {isa = PBXBuildFile; fileRef = 651624371F16DA9F00932E26 /* GameScene.sks */; };
		6516243A1F16DA9F00932E26 /* Actions.sks in Resources */ = {isa = PBXBuildFile; fileRef = 651624391F16DA9F00932E26 /* Actions.sks */; };
		6516243C1F16DA9F00932E26 /* GameScene.swift in Sources */ = {isa = PBXBuildFile; fileRef = 6516243B1F16DA9F00932E26 /* GameScene.swift */; };
		6516243E1F16DA9F00932E26 /* GameViewController.swift in Sources */ = {isa = PBXBuildFile; fileRef = 6516243D1F16DA9F00932E26 /* GameViewController.swift */; };
		651624411F16DA9F00932E26 /* Main.storyboard in Resources */ = {isa = PBXBuildFile; fileRef = 6516243F1F16DA9F00932E26 /* Main.storyboard */; };
		651624431F16DA9F00932E26 /* Assets.xcassets in Resources */ = {isa = PBXBuildFile; fileRef = 651624421F16DA9F00932E26 /* Assets.xcassets */; };
		651624461F16DA9F00932E26 /* LaunchScreen.storyboard in Resources */ = {isa = PBXBuildFile; fileRef = 651624441F16DA9F00932E26 /* LaunchScreen.storyboard */; };
/* End PBXBuildFile section */

/* Begin PBXFileReference section */
		651624321F16DA9F00932E26 /* iOS Example.app */ = {isa = PBXFileReference; explicitFileType = wrapper.application; includeInIndex = 0; path = "iOS Example.app"; sourceTree = BUILT_PRODUCTS_DIR; };
		651624351F16DA9F00932E26 /* AppDelegate.swift */ = {isa = PBXFileReference; lastKnownFileType = sourcecode.swift; path = AppDelegate.swift; sourceTree = "<group>"; };
		651624371F16DA9F00932E26 /* GameScene.sks */ = {isa = PBXFileReference; lastKnownFileType = file.sks; path = GameScene.sks; sourceTree = "<group>"; };
		651624391F16DA9F00932E26 /* Actions.sks */ = {isa = PBXFileReference; lastKnownFileType = file.sks; path = Actions.sks; sourceTree = "<group>"; };
		6516243B1F16DA9F00932E26 /* GameScene.swift */ = {isa = PBXFileReference; lastKnownFileType = sourcecode.swift; path = GameScene.swift; sourceTree = "<group>"; };
		6516243D1F16DA9F00932E26 /* GameViewController.swift */ = {isa = PBXFileReference; lastKnownFileType = sourcecode.swift; path = GameViewController.swift; sourceTree = "<group>"; };
		651624401F16DA9F00932E26 /* Base */ = {isa = PBXFileReference; lastKnownFileType = file.storyboard; name = Base; path = Base.lproj/Main.storyboard; sourceTree = "<group>"; };
		651624421F16DA9F00932E26 /* Assets.xcassets */ = {isa = PBXFileReference; lastKnownFileType = folder.assetcatalog; path = Assets.xcassets; sourceTree = "<group>"; };
		651624451F16DA9F00932E26 /* Base */ = {isa = PBXFileReference; lastKnownFileType = file.storyboard; name = Base; path = Base.lproj/LaunchScreen.storyboard; sourceTree = "<group>"; };
		651624471F16DA9F00932E26 /* Info.plist */ = {isa = PBXFileReference; lastKnownFileType = text.plist.xml; path = Info.plist; sourceTree = "<group>"; };
/* End PBXFileReference section */

/* Begin PBXFrameworksBuildPhase section */
		6516242F1F16DA9F00932E26 /* Frameworks */ = {
			isa = PBXFrameworksBuildPhase;
			buildActionMask = 2147483647;
			files = (
			);
			runOnlyForDeploymentPostprocessing = 0;
		};
/* End PBXFrameworksBuildPhase section */

/* Begin PBXGroup section */
		651624291F16DA9F00932E26 = {
			isa = PBXGroup;
			children = (
				651624341F16DA9F00932E26 /* iOS Example */,
				651624331F16DA9F00932E26 /* Products */,
			);
			sourceTree = "<group>";
		};
		651624331F16DA9F00932E26 /* Products */ = {
			isa = PBXGroup;
			children = (
				651624321F16DA9F00932E26 /* iOS Example.app */,
			);
			name = Products;
			sourceTree = "<group>";
		};
		651624341F16DA9F00932E26 /* iOS Example */ = {
			isa = PBXGroup;
			children = (
				651624351F16DA9F00932E26 /* AppDelegate.swift */,
				651624371F16DA9F00932E26 /* GameScene.sks */,
				651624391F16DA9F00932E26 /* Actions.sks */,
				6516243B1F16DA9F00932E26 /* GameScene.swift */,
				6516243D1F16DA9F00932E26 /* GameViewController.swift */,
				6516243F1F16DA9F00932E26 /* Main.storyboard */,
				651624421F16DA9F00932E26 /* Assets.xcassets */,
				651624441F16DA9F00932E26 /* LaunchScreen.storyboard */,
				651624471F16DA9F00932E26 /* Info.plist */,
			);
			path = "iOS Example";
			sourceTree = "<group>";
		};
/* End PBXGroup section */

/* Begin PBXNativeTarget section */
		651624311F16DA9F00932E26 /* iOS Example */ = {
			isa = PBXNativeTarget;
			buildConfigurationList = 6516244A1F16DA9F00932E26 /* Build configuration list for PBXNativeTarget "iOS Example" */;
			buildPhases = (
				6516242E1F16DA9F00932E26 /* Sources */,
				6516242F1F16DA9F00932E26 /* Frameworks */,
				651624301F16DA9F00932E26 /* Resources */,
			);
			buildRules = (
			);
			dependencies = (
			);
			name = "iOS Example";
			productName = "iOS Example";
			productReference = 651624321F16DA9F00932E26 /* iOS Example.app */;
			productType = "com.apple.product-type.application";
		};
/* End PBXNativeTarget section */

/* Begin PBXProject section */
		6516242A1F16DA9F00932E26 /* Project object */ = {
			isa = PBXProject;
			attributes = {
				LastSwiftUpdateCheck = 0830;
				LastUpgradeCheck = 0830;
				ORGANIZATIONNAME = zapic;
				TargetAttributes = {
					651624311F16DA9F00932E26 = {
						CreatedOnToolsVersion = 8.3.3;
						DevelopmentTeam = 24QXGCES3E;
						ProvisioningStyle = Automatic;
					};
				};
			};
			buildConfigurationList = 6516242D1F16DA9F00932E26 /* Build configuration list for PBXProject "iOS Example" */;
			compatibilityVersion = "Xcode 3.2";
			developmentRegion = English;
			hasScannedForEncodings = 0;
			knownRegions = (
				en,
				Base,
			);
			mainGroup = 651624291F16DA9F00932E26;
			productRefGroup = 651624331F16DA9F00932E26 /* Products */;
			projectDirPath = "";
			projectRoot = "";
			targets = (
				651624311F16DA9F00932E26 /* iOS Example */,
			);
		};
/* End PBXProject section */

/* Begin PBXResourcesBuildPhase section */
		651624301F16DA9F00932E26 /* Resources */ = {
			isa = PBXResourcesBuildPhase;
			buildActionMask = 2147483647;
			files = (
				651624411F16DA9F00932E26 /* Main.storyboard in Resources */,
				651624381F16DA9F00932E26 /* GameScene.sks in Resources */,
				651624431F16DA9F00932E26 /* Assets.xcassets in Resources */,
				651624461F16DA9F00932E26 /* LaunchScreen.storyboard in Resources */,
				6516243A1F16DA9F00932E26 /* Actions.sks in Resources */,
			);
			runOnlyForDeploymentPostprocessing = 0;
		};
/* End PBXResourcesBuildPhase section */

/* Begin PBXSourcesBuildPhase section */
		6516242E1F16DA9F00932E26 /* Sources */ = {
			isa = PBXSourcesBuildPhase;
			buildActionMask = 2147483647;
			files = (
				6516243C1F16DA9F00932E26 /* GameScene.swift in Sources */,
				6516243E1F16DA9F00932E26 /* GameViewController.swift in Sources */,
				651624361F16DA9F00932E26 /* AppDelegate.swift in Sources */,
			);
			runOnlyForDeploymentPostprocessing = 0;
		};
/* End PBXSourcesBuildPhase section */

/* Begin PBXVariantGroup section */
		6516243F1F16DA9F00932E26 /* Main.storyboard */ = {
			isa = PBXVariantGroup;
			children = (
				651624401F16DA9F00932E26 /* Base */,
			);
			name = Main.storyboard;
			sourceTree = "<group>";
		};
		651624441F16DA9F00932E26 /* LaunchScreen.storyboard */ = {
			isa = PBXVariantGroup;
			children = (
				651624451F16DA9F00932E26 /* Base */,
			);
			name = LaunchScreen.storyboard;
			sourceTree = "<group>";
		};
/* End PBXVariantGroup section */

/* Begin XCBuildConfiguration section */
		651624481F16DA9F00932E26 /* Debug */ = {
			isa = XCBuildConfiguration;
			buildSettings = {
				ALWAYS_SEARCH_USER_PATHS = NO;
				CLANG_ANALYZER_NONNULL = YES;
				CLANG_ANALYZER_NUMBER_OBJECT_CONVERSION = YES_AGGRESSIVE;
				CLANG_CXX_LANGUAGE_STANDARD = "gnu++0x";
				CLANG_CXX_LIBRARY = "libc++";
				CLANG_ENABLE_MODULES = YES;
				CLANG_ENABLE_OBJC_ARC = YES;
				CLANG_WARN_BOOL_CONVERSION = YES;
				CLANG_WARN_CONSTANT_CONVERSION = YES;
				CLANG_WARN_DIRECT_OBJC_ISA_USAGE = YES_ERROR;
				CLANG_WARN_DOCUMENTATION_COMMENTS = YES;
				CLANG_WARN_EMPTY_BODY = YES;
				CLANG_WARN_ENUM_CONVERSION = YES;
				CLANG_WARN_INFINITE_RECURSION = YES;
				CLANG_WARN_INT_CONVERSION = YES;
				CLANG_WARN_OBJC_ROOT_CLASS = YES_ERROR;
				CLANG_WARN_SUSPICIOUS_MOVE = YES;
				CLANG_WARN_UNREACHABLE_CODE = YES;
				CLANG_WARN__DUPLICATE_METHOD_MATCH = YES;
				"CODE_SIGN_IDENTITY[sdk=iphoneos*]" = "iPhone Developer";
				COPY_PHASE_STRIP = NO;
				DEBUG_INFORMATION_FORMAT = dwarf;
				ENABLE_STRICT_OBJC_MSGSEND = YES;
				ENABLE_TESTABILITY = YES;
				GCC_C_LANGUAGE_STANDARD = gnu99;
				GCC_DYNAMIC_NO_PIC = NO;
				GCC_NO_COMMON_BLOCKS = YES;
				GCC_OPTIMIZATION_LEVEL = 0;
				GCC_PREPROCESSOR_DEFINITIONS = (
					"DEBUG=1",
					"$(inherited)",
				);
				GCC_WARN_64_TO_32_BIT_CONVERSION = YES;
				GCC_WARN_ABOUT_RETURN_TYPE = YES_ERROR;
				GCC_WARN_UNDECLARED_SELECTOR = YES;
				GCC_WARN_UNINITIALIZED_AUTOS = YES_AGGRESSIVE;
				GCC_WARN_UNUSED_FUNCTION = YES;
				GCC_WARN_UNUSED_VARIABLE = YES;
				IPHONEOS_DEPLOYMENT_TARGET = 10.3;
				MTL_ENABLE_DEBUG_INFO = YES;
				ONLY_ACTIVE_ARCH = YES;
				SDKROOT = iphoneos;
				SWIFT_ACTIVE_COMPILATION_CONDITIONS = DEBUG;
				SWIFT_OPTIMIZATION_LEVEL = "-Onone";
				TARGETED_DEVICE_FAMILY = "1,2";
			};
			name = Debug;
		};
		651624491F16DA9F00932E26 /* Release */ = {
			isa = XCBuildConfiguration;
			buildSettings = {
				ALWAYS_SEARCH_USER_PATHS = NO;
				CLANG_ANALYZER_NONNULL = YES;
				CLANG_ANALYZER_NUMBER_OBJECT_CONVERSION = YES_AGGRESSIVE;
				CLANG_CXX_LANGUAGE_STANDARD = "gnu++0x";
				CLANG_CXX_LIBRARY = "libc++";
				CLANG_ENABLE_MODULES = YES;
				CLANG_ENABLE_OBJC_ARC = YES;
				CLANG_WARN_BOOL_CONVERSION = YES;
				CLANG_WARN_CONSTANT_CONVERSION = YES;
				CLANG_WARN_DIRECT_OBJC_ISA_USAGE = YES_ERROR;
				CLANG_WARN_DOCUMENTATION_COMMENTS = YES;
				CLANG_WARN_EMPTY_BODY = YES;
				CLANG_WARN_ENUM_CONVERSION = YES;
				CLANG_WARN_INFINITE_RECURSION = YES;
				CLANG_WARN_INT_CONVERSION = YES;
				CLANG_WARN_OBJC_ROOT_CLASS = YES_ERROR;
				CLANG_WARN_SUSPICIOUS_MOVE = YES;
				CLANG_WARN_UNREACHABLE_CODE = YES;
				CLANG_WARN__DUPLICATE_METHOD_MATCH = YES;
				"CODE_SIGN_IDENTITY[sdk=iphoneos*]" = "iPhone Developer";
				COPY_PHASE_STRIP = NO;
				DEBUG_INFORMATION_FORMAT = "dwarf-with-dsym";
				ENABLE_NS_ASSERTIONS = NO;
				ENABLE_STRICT_OBJC_MSGSEND = YES;
				GCC_C_LANGUAGE_STANDARD = gnu99;
				GCC_NO_COMMON_BLOCKS = YES;
				GCC_WARN_64_TO_32_BIT_CONVERSION = YES;
				GCC_WARN_ABOUT_RETURN_TYPE = YES_ERROR;
				GCC_WARN_UNDECLARED_SELECTOR = YES;
				GCC_WARN_UNINITIALIZED_AUTOS = YES_AGGRESSIVE;
				GCC_WARN_UNUSED_FUNCTION = YES;
				GCC_WARN_UNUSED_VARIABLE = YES;
				IPHONEOS_DEPLOYMENT_TARGET = 10.3;
				MTL_ENABLE_DEBUG_INFO = NO;
				SDKROOT = iphoneos;
				SWIFT_OPTIMIZATION_LEVEL = "-Owholemodule";
				TARGETED_DEVICE_FAMILY = "1,2";
				VALIDATE_PRODUCT = YES;
			};
			name = Release;
		};
		6516244B1F16DA9F00932E26 /* Debug */ = {
			isa = XCBuildConfiguration;
			buildSettings = {
				ASSETCATALOG_COMPILER_APPICON_NAME = AppIcon;
				DEVELOPMENT_TEAM = 24QXGCES3E;
				INFOPLIST_FILE = "iOS Example/Info.plist";
				LD_RUNPATH_SEARCH_PATHS = "$(inherited) @executable_path/Frameworks";
				PRODUCT_BUNDLE_IDENTIFIER = "com.zapic.iOS-Example";
				PRODUCT_NAME = "$(TARGET_NAME)";
				SWIFT_VERSION = 3.0;
			};
			name = Debug;
		};
		6516244C1F16DA9F00932E26 /* Release */ = {
			isa = XCBuildConfiguration;
			buildSettings = {
				ASSETCATALOG_COMPILER_APPICON_NAME = AppIcon;
				DEVELOPMENT_TEAM = 24QXGCES3E;
				INFOPLIST_FILE = "iOS Example/Info.plist";
				LD_RUNPATH_SEARCH_PATHS = "$(inherited) @executable_path/Frameworks";
				PRODUCT_BUNDLE_IDENTIFIER = "com.zapic.iOS-Example";
				PRODUCT_NAME = "$(TARGET_NAME)";
				SWIFT_VERSION = 3.0;
			};
			name = Release;
		};
/* End XCBuildConfiguration section */

/* Begin XCConfigurationList section */
		6516242D1F16DA9F00932E26 /* Build configuration list for PBXProject "iOS Example" */ = {
			isa = XCConfigurationList;
			buildConfigurations = (
				651624481F16DA9F00932E26 /* Debug */,
				651624491F16DA9F00932E26 /* Release */,
			);
			defaultConfigurationIsVisible = 0;
			defaultConfigurationName = Release;
		};
		6516244A1F16DA9F00932E26 /* Build configuration list for PBXNativeTarget "iOS Example" */ = {
			isa = XCConfigurationList;
			buildConfigurations = (
				6516244B1F16DA9F00932E26 /* Debug */,
				6516244C1F16DA9F00932E26 /* Release */,
			);
			defaultConfigurationIsVisible = 0;
			defaultConfigurationName = Release;
		};
/* End XCConfigurationList section */
	};
	rootObject = 6516242A1F16DA9F00932E26 /* Project object */;
}
