// !$*UTF8*$!
{
	archiveVersion = 1;
	classes = {
	};
	objectVersion = 50;
	objects = {

/* Begin PBXBuildFile section */
		651BF274212B127600067178 /* AppDelegate.swift in Sources */ = {isa = PBXBuildFile; fileRef = 651BF273212B127600067178 /* AppDelegate.swift */; };
		651BF276212B127600067178 /* ViewController.swift in Sources */ = {isa = PBXBuildFile; fileRef = 651BF275212B127600067178 /* ViewController.swift */; };
		651BF279212B127600067178 /* Main.storyboard in Resources */ = {isa = PBXBuildFile; fileRef = 651BF277212B127600067178 /* Main.storyboard */; };
		651BF27B212B127700067178 /* Assets.xcassets in Resources */ = {isa = PBXBuildFile; fileRef = 651BF27A212B127700067178 /* Assets.xcassets */; };
		651BF27E212B127700067178 /* LaunchScreen.storyboard in Resources */ = {isa = PBXBuildFile; fileRef = 651BF27C212B127700067178 /* LaunchScreen.storyboard */; };
		657132B12135A6C700F79C70 /* Zapic.framework in Frameworks */ = {isa = PBXBuildFile; fileRef = 657132B02135A6C700F79C70 /* Zapic.framework */; };
/* End PBXBuildFile section */

/* Begin PBXFileReference section */
		651BF270212B127600067178 /* ZapicExample-Swift.app */ = {isa = PBXFileReference; explicitFileType = wrapper.application; includeInIndex = 0; path = "ZapicExample-Swift.app"; sourceTree = BUILT_PRODUCTS_DIR; };
		651BF273212B127600067178 /* AppDelegate.swift */ = {isa = PBXFileReference; lastKnownFileType = sourcecode.swift; path = AppDelegate.swift; sourceTree = "<group>"; };
		651BF275212B127600067178 /* ViewController.swift */ = {isa = PBXFileReference; lastKnownFileType = sourcecode.swift; path = ViewController.swift; sourceTree = "<group>"; };
		651BF278212B127600067178 /* Base */ = {isa = PBXFileReference; lastKnownFileType = file.storyboard; name = Base; path = Base.lproj/Main.storyboard; sourceTree = "<group>"; };
		651BF27A212B127700067178 /* Assets.xcassets */ = {isa = PBXFileReference; lastKnownFileType = folder.assetcatalog; path = Assets.xcassets; sourceTree = "<group>"; };
		651BF27D212B127700067178 /* Base */ = {isa = PBXFileReference; lastKnownFileType = file.storyboard; name = Base; path = Base.lproj/LaunchScreen.storyboard; sourceTree = "<group>"; };
		651BF27F212B127700067178 /* Info.plist */ = {isa = PBXFileReference; lastKnownFileType = text.plist.xml; path = Info.plist; sourceTree = "<group>"; };
		657132B02135A6C700F79C70 /* Zapic.framework */ = {isa = PBXFileReference; explicitFileType = wrapper.framework; path = Zapic.framework; sourceTree = BUILT_PRODUCTS_DIR; };
		6578A667212F2FDE00A8C4A7 /* Zapic.framework */ = {isa = PBXFileReference; explicitFileType = wrapper.framework; path = Zapic.framework; sourceTree = BUILT_PRODUCTS_DIR; };
/* End PBXFileReference section */

/* Begin PBXFrameworksBuildPhase section */
		651BF26D212B127600067178 /* Frameworks */ = {
			isa = PBXFrameworksBuildPhase;
			buildActionMask = 2147483647;
			files = (
				657132B12135A6C700F79C70 /* Zapic.framework in Frameworks */,
			);
			runOnlyForDeploymentPostprocessing = 0;
		};
/* End PBXFrameworksBuildPhase section */

/* Begin PBXGroup section */
		651BF267212B127600067178 = {
			isa = PBXGroup;
			children = (
				651BF272212B127600067178 /* ZapicExample-Swift */,
				651BF271212B127600067178 /* Products */,
				6578A666212F2FDE00A8C4A7 /* Frameworks */,
			);
			sourceTree = "<group>";
		};
		651BF271212B127600067178 /* Products */ = {
			isa = PBXGroup;
			children = (
				651BF270212B127600067178 /* ZapicExample-Swift.app */,
			);
			name = Products;
			sourceTree = "<group>";
		};
		651BF272212B127600067178 /* ZapicExample-Swift */ = {
			isa = PBXGroup;
			children = (
				651BF273212B127600067178 /* AppDelegate.swift */,
				651BF275212B127600067178 /* ViewController.swift */,
				651BF277212B127600067178 /* Main.storyboard */,
				651BF27A212B127700067178 /* Assets.xcassets */,
				651BF27C212B127700067178 /* LaunchScreen.storyboard */,
				651BF27F212B127700067178 /* Info.plist */,
			);
			path = "ZapicExample-Swift";
			sourceTree = "<group>";
		};
		6578A666212F2FDE00A8C4A7 /* Frameworks */ = {
			isa = PBXGroup;
			children = (
				657132B02135A6C700F79C70 /* Zapic.framework */,
				6578A667212F2FDE00A8C4A7 /* Zapic.framework */,
			);
			name = Frameworks;
			sourceTree = "<group>";
		};
/* End PBXGroup section */

/* Begin PBXNativeTarget section */
		651BF26F212B127600067178 /* ZapicExample-Swift */ = {
			isa = PBXNativeTarget;
			buildConfigurationList = 651BF282212B127700067178 /* Build configuration list for PBXNativeTarget "ZapicExample-Swift" */;
			buildPhases = (
				651BF26C212B127600067178 /* Sources */,
				651BF26D212B127600067178 /* Frameworks */,
				651BF26E212B127600067178 /* Resources */,
			);
			buildRules = (
			);
			dependencies = (
			);
			name = "ZapicExample-Swift";
			productName = "ZapicExample-Swift";
			productReference = 651BF270212B127600067178 /* ZapicExample-Swift.app */;
			productType = "com.apple.product-type.application";
		};
/* End PBXNativeTarget section */

/* Begin PBXProject section */
		651BF268212B127600067178 /* Project object */ = {
			isa = PBXProject;
			attributes = {
				LastSwiftUpdateCheck = 0940;
				LastUpgradeCheck = 0940;
				ORGANIZATIONNAME = Zapic;
				TargetAttributes = {
					651BF26F212B127600067178 = {
						CreatedOnToolsVersion = 9.4.1;
					};
				};
			};
			buildConfigurationList = 651BF26B212B127600067178 /* Build configuration list for PBXProject "ZapicExample-Swift" */;
			compatibilityVersion = "Xcode 9.3";
			developmentRegion = en;
			hasScannedForEncodings = 0;
			knownRegions = (
				en,
				Base,
			);
			mainGroup = 651BF267212B127600067178;
			productRefGroup = 651BF271212B127600067178 /* Products */;
			projectDirPath = "";
			projectRoot = "";
			targets = (
				651BF26F212B127600067178 /* ZapicExample-Swift */,
			);
		};
/* End PBXProject section */

/* Begin PBXResourcesBuildPhase section */
		651BF26E212B127600067178 /* Resources */ = {
			isa = PBXResourcesBuildPhase;
			buildActionMask = 2147483647;
			files = (
				651BF27E212B127700067178 /* LaunchScreen.storyboard in Resources */,
				651BF27B212B127700067178 /* Assets.xcassets in Resources */,
				651BF279212B127600067178 /* Main.storyboard in Resources */,
			);
			runOnlyForDeploymentPostprocessing = 0;
		};
/* End PBXResourcesBuildPhase section */

/* Begin PBXSourcesBuildPhase section */
		651BF26C212B127600067178 /* Sources */ = {
			isa = PBXSourcesBuildPhase;
			buildActionMask = 2147483647;
			files = (
				651BF276212B127600067178 /* ViewController.swift in Sources */,
				651BF274212B127600067178 /* AppDelegate.swift in Sources */,
			);
			runOnlyForDeploymentPostprocessing = 0;
		};
/* End PBXSourcesBuildPhase section */

/* Begin PBXVariantGroup section */
		651BF277212B127600067178 /* Main.storyboard */ = {
			isa = PBXVariantGroup;
			children = (
				651BF278212B127600067178 /* Base */,
			);
			name = Main.storyboard;
			sourceTree = "<group>";
		};
		651BF27C212B127700067178 /* LaunchScreen.storyboard */ = {
			isa = PBXVariantGroup;
			children = (
				651BF27D212B127700067178 /* Base */,
			);
			name = LaunchScreen.storyboard;
			sourceTree = "<group>";
		};
/* End PBXVariantGroup section */

/* Begin XCBuildConfiguration section */
		651BF280212B127700067178 /* Debug */ = {
			isa = XCBuildConfiguration;
			buildSettings = {
				ALWAYS_SEARCH_USER_PATHS = NO;
				CLANG_ANALYZER_NONNULL = YES;
				CLANG_ANALYZER_NUMBER_OBJECT_CONVERSION = YES_AGGRESSIVE;
				CLANG_CXX_LANGUAGE_STANDARD = "gnu++14";
				CLANG_CXX_LIBRARY = "libc++";
				CLANG_ENABLE_MODULES = YES;
				CLANG_ENABLE_OBJC_ARC = YES;
				CLANG_ENABLE_OBJC_WEAK = YES;
				CLANG_WARN_BLOCK_CAPTURE_AUTORELEASING = YES;
				CLANG_WARN_BOOL_CONVERSION = YES;
				CLANG_WARN_COMMA = YES;
				CLANG_WARN_CONSTANT_CONVERSION = YES;
				CLANG_WARN_DEPRECATED_OBJC_IMPLEMENTATIONS = YES;
				CLANG_WARN_DIRECT_OBJC_ISA_USAGE = YES_ERROR;
				CLANG_WARN_DOCUMENTATION_COMMENTS = YES;
				CLANG_WARN_EMPTY_BODY = YES;
				CLANG_WARN_ENUM_CONVERSION = YES;
				CLANG_WARN_INFINITE_RECURSION = YES;
				CLANG_WARN_INT_CONVERSION = YES;
				CLANG_WARN_NON_LITERAL_NULL_CONVERSION = YES;
				CLANG_WARN_OBJC_IMPLICIT_RETAIN_SELF = YES;
				CLANG_WARN_OBJC_LITERAL_CONVERSION = YES;
				CLANG_WARN_OBJC_ROOT_CLASS = YES_ERROR;
				CLANG_WARN_RANGE_LOOP_ANALYSIS = YES;
				CLANG_WARN_STRICT_PROTOTYPES = YES;
				CLANG_WARN_SUSPICIOUS_MOVE = YES;
				CLANG_WARN_UNGUARDED_AVAILABILITY = YES_AGGRESSIVE;
				CLANG_WARN_UNREACHABLE_CODE = YES;
				CLANG_WARN__DUPLICATE_METHOD_MATCH = YES;
				CODE_SIGN_IDENTITY = "iPhone Developer";
				COPY_PHASE_STRIP = NO;
				DEBUG_INFORMATION_FORMAT = dwarf;
				ENABLE_STRICT_OBJC_MSGSEND = YES;
				ENABLE_TESTABILITY = YES;
				GCC_C_LANGUAGE_STANDARD = gnu11;
				GCC_DYNAMIC_NO_PIC = NO;
				GCC_NO_COMMON_BLOCKS = YES;
				GCC_OPTIMIZATION_LEVEL = 0;
				GCC_PREPROCESSOR_DEFINITIONS = (
					"DEBUG=1",
					"$(inherited)",
				);
				GCC_WARN_64_TO_32_BIT_CONVERSION = YES;
				GCC_WARN_ABOUT_RETURN_TYPE = YES_ERROR;
				GCC_WARN_UNDECLARED_SELECTOR = YES;
				GCC_WARN_UNINITIALIZED_AUTOS = YES_AGGRESSIVE;
				GCC_WARN_UNUSED_FUNCTION = YES;
				GCC_WARN_UNUSED_VARIABLE = YES;
				IPHONEOS_DEPLOYMENT_TARGET = 11.4;
				MTL_ENABLE_DEBUG_INFO = YES;
				ONLY_ACTIVE_ARCH = YES;
				SDKROOT = iphoneos;
				SWIFT_ACTIVE_COMPILATION_CONDITIONS = DEBUG;
				SWIFT_OPTIMIZATION_LEVEL = "-Onone";
			};
			name = Debug;
		};
		651BF281212B127700067178 /* Release */ = {
			isa = XCBuildConfiguration;
			buildSettings = {
				ALWAYS_SEARCH_USER_PATHS = NO;
				CLANG_ANALYZER_NONNULL = YES;
				CLANG_ANALYZER_NUMBER_OBJECT_CONVERSION = YES_AGGRESSIVE;
				CLANG_CXX_LANGUAGE_STANDARD = "gnu++14";
				CLANG_CXX_LIBRARY = "libc++";
				CLANG_ENABLE_MODULES = YES;
				CLANG_ENABLE_OBJC_ARC = YES;
				CLANG_ENABLE_OBJC_WEAK = YES;
				CLANG_WARN_BLOCK_CAPTURE_AUTORELEASING = YES;
				CLANG_WARN_BOOL_CONVERSION = YES;
				CLANG_WARN_COMMA = YES;
				CLANG_WARN_CONSTANT_CONVERSION = YES;
				CLANG_WARN_DEPRECATED_OBJC_IMPLEMENTATIONS = YES;
				CLANG_WARN_DIRECT_OBJC_ISA_USAGE = YES_ERROR;
				CLANG_WARN_DOCUMENTATION_COMMENTS = YES;
				CLANG_WARN_EMPTY_BODY = YES;
				CLANG_WARN_ENUM_CONVERSION = YES;
				CLANG_WARN_INFINITE_RECURSION = YES;
				CLANG_WARN_INT_CONVERSION = YES;
				CLANG_WARN_NON_LITERAL_NULL_CONVERSION = YES;
				CLANG_WARN_OBJC_IMPLICIT_RETAIN_SELF = YES;
				CLANG_WARN_OBJC_LITERAL_CONVERSION = YES;
				CLANG_WARN_OBJC_ROOT_CLASS = YES_ERROR;
				CLANG_WARN_RANGE_LOOP_ANALYSIS = YES;
				CLANG_WARN_STRICT_PROTOTYPES = YES;
				CLANG_WARN_SUSPICIOUS_MOVE = YES;
				CLANG_WARN_UNGUARDED_AVAILABILITY = YES_AGGRESSIVE;
				CLANG_WARN_UNREACHABLE_CODE = YES;
				CLANG_WARN__DUPLICATE_METHOD_MATCH = YES;
				CODE_SIGN_IDENTITY = "iPhone Developer";
				COPY_PHASE_STRIP = NO;
				DEBUG_INFORMATION_FORMAT = "dwarf-with-dsym";
				ENABLE_NS_ASSERTIONS = NO;
				ENABLE_STRICT_OBJC_MSGSEND = YES;
				GCC_C_LANGUAGE_STANDARD = gnu11;
				GCC_NO_COMMON_BLOCKS = YES;
				GCC_WARN_64_TO_32_BIT_CONVERSION = YES;
				GCC_WARN_ABOUT_RETURN_TYPE = YES_ERROR;
				GCC_WARN_UNDECLARED_SELECTOR = YES;
				GCC_WARN_UNINITIALIZED_AUTOS = YES_AGGRESSIVE;
				GCC_WARN_UNUSED_FUNCTION = YES;
				GCC_WARN_UNUSED_VARIABLE = YES;
				IPHONEOS_DEPLOYMENT_TARGET = 11.4;
				MTL_ENABLE_DEBUG_INFO = NO;
				SDKROOT = iphoneos;
				SWIFT_COMPILATION_MODE = wholemodule;
				SWIFT_OPTIMIZATION_LEVEL = "-O";
				VALIDATE_PRODUCT = YES;
			};
			name = Release;
		};
		651BF283212B127700067178 /* Debug */ = {
			isa = XCBuildConfiguration;
			buildSettings = {
				ASSETCATALOG_COMPILER_APPICON_NAME = AppIcon;
				CODE_SIGN_STYLE = Automatic;
				DEVELOPMENT_TEAM = 24QXGCES3E;
				INFOPLIST_FILE = "ZapicExample-Swift/Info.plist";
				LD_RUNPATH_SEARCH_PATHS = (
					"$(inherited)",
					"@executable_path/Frameworks",
				);
				PRODUCT_BUNDLE_IDENTIFIER = "com.zapic.iOS-Example";
				PRODUCT_NAME = "$(TARGET_NAME)";
				SWIFT_VERSION = 4.0;
				TARGETED_DEVICE_FAMILY = "1,2";
			};
			name = Debug;
		};
		651BF284212B127700067178 /* Release */ = {
			isa = XCBuildConfiguration;
			buildSettings = {
				ASSETCATALOG_COMPILER_APPICON_NAME = AppIcon;
				CODE_SIGN_STYLE = Automatic;
				DEVELOPMENT_TEAM = 24QXGCES3E;
				INFOPLIST_FILE = "ZapicExample-Swift/Info.plist";
				LD_RUNPATH_SEARCH_PATHS = (
					"$(inherited)",
					"@executable_path/Frameworks",
				);
				PRODUCT_BUNDLE_IDENTIFIER = "com.zapic.iOS-Example";
				PRODUCT_NAME = "$(TARGET_NAME)";
				SWIFT_VERSION = 4.0;
				TARGETED_DEVICE_FAMILY = "1,2";
			};
			name = Release;
		};
/* End XCBuildConfiguration section */

/* Begin XCConfigurationList section */
		651BF26B212B127600067178 /* Build configuration list for PBXProject "ZapicExample-Swift" */ = {
			isa = XCConfigurationList;
			buildConfigurations = (
				651BF280212B127700067178 /* Debug */,
				651BF281212B127700067178 /* Release */,
			);
			defaultConfigurationIsVisible = 0;
			defaultConfigurationName = Release;
		};
		651BF282212B127700067178 /* Build configuration list for PBXNativeTarget "ZapicExample-Swift" */ = {
			isa = XCConfigurationList;
			buildConfigurations = (
				651BF283212B127700067178 /* Debug */,
				651BF284212B127700067178 /* Release */,
			);
			defaultConfigurationIsVisible = 0;
			defaultConfigurationName = Release;
		};
/* End XCConfigurationList section */
	};
	rootObject = 651BF268212B127600067178 /* Project object */;
}
