// !$*UTF8*$!
{
	archiveVersion = 1;
	classes = {
	};
	objectVersion = 50;
	objects = {

/* Begin PBXBuildFile section */
		651BF25C212A719900067178 /* ZQueue.h in Headers */ = {isa = PBXBuildFile; fileRef = 651BF25A212A719900067178 /* ZQueue.h */; };
		651BF25D212A719900067178 /* ZQueue.m in Sources */ = {isa = PBXBuildFile; fileRef = 651BF25B212A719900067178 /* ZQueue.m */; };
		651BF260212B0AE100067178 /* ZPlayer.h in Headers */ = {isa = PBXBuildFile; fileRef = 651BF25E212B0AE100067178 /* ZPlayer.h */; settings = {ATTRIBUTES = (Public, ); }; };
		651BF261212B0AE100067178 /* ZPlayer.m in Sources */ = {isa = PBXBuildFile; fileRef = 651BF25F212B0AE100067178 /* ZPlayer.m */; };
		651BF29D212B55C100067178 /* ZPlayerManager.h in Headers */ = {isa = PBXBuildFile; fileRef = 651BF29B212B55C100067178 /* ZPlayerManager.h */; };
		651BF29E212B55C100067178 /* ZPlayerManager.m in Sources */ = {isa = PBXBuildFile; fileRef = 651BF29C212B55C100067178 /* ZPlayerManager.m */; };
		651BF2AC212B6F8D00067178 /* ZSafariManager.h in Headers */ = {isa = PBXBuildFile; fileRef = 651BF2AA212B6F8D00067178 /* ZSafariManager.h */; };
		651BF2AD212B6F8D00067178 /* ZSafariManager.m in Sources */ = {isa = PBXBuildFile; fileRef = 651BF2AB212B6F8D00067178 /* ZSafariManager.m */; };
		65202DD720F7ED8C00BFF532 /* Zapic.framework in Frameworks */ = {isa = PBXBuildFile; fileRef = 65202DCD20F7ED8C00BFF532 /* Zapic.framework */; };
		65202DDC20F7ED8C00BFF532 /* ZapicTests.m in Sources */ = {isa = PBXBuildFile; fileRef = 65202DDB20F7ED8C00BFF532 /* ZapicTests.m */; };
		65202DDE20F7ED8C00BFF532 /* Zapic.h in Headers */ = {isa = PBXBuildFile; fileRef = 65202DD020F7ED8C00BFF532 /* Zapic.h */; settings = {ATTRIBUTES = (Public, ); }; };
		656754642120CB2A009F8917 /* ZBanner.h in Headers */ = {isa = PBXBuildFile; fileRef = 656754622120CB2A009F8917 /* ZBanner.h */; };
		656754652120CB2A009F8917 /* ZBanner.m in Sources */ = {isa = PBXBuildFile; fileRef = 656754632120CB2A009F8917 /* ZBanner.m */; };
		656754682120DD17009F8917 /* ZGradientBar.h in Headers */ = {isa = PBXBuildFile; fileRef = 656754662120DD17009F8917 /* ZGradientBar.h */; };
		656754692120DD17009F8917 /* ZGradientBar.m in Sources */ = {isa = PBXBuildFile; fileRef = 656754672120DD17009F8917 /* ZGradientBar.m */; };
		656F3CE920F7F51600AB8B1A /* Zapic.m in Sources */ = {isa = PBXBuildFile; fileRef = 656F3CE820F7F51600AB8B1A /* Zapic.m */; };
		656F3CEC20F7F7A400AB8B1A /* ZLog.h in Headers */ = {isa = PBXBuildFile; fileRef = 656F3CEA20F7F7A400AB8B1A /* ZLog.h */; };
		656F3CED20F7F7A400AB8B1A /* ZLog.m in Sources */ = {isa = PBXBuildFile; fileRef = 656F3CEB20F7F7A400AB8B1A /* ZLog.m */; };
		656F3CF220F8099500AB8B1A /* ZWebViewController.h in Headers */ = {isa = PBXBuildFile; fileRef = 656F3CF020F8099500AB8B1A /* ZWebViewController.h */; };
		656F3CF320F8099500AB8B1A /* ZWebViewController.m in Sources */ = {isa = PBXBuildFile; fileRef = 656F3CF120F8099500AB8B1A /* ZWebViewController.m */; };
		656F3CF620F80D1B00AB8B1A /* ZWebApp.h in Headers */ = {isa = PBXBuildFile; fileRef = 656F3CF420F80D1B00AB8B1A /* ZWebApp.h */; };
		656F3CF720F80D1B00AB8B1A /* ZWebApp.m in Sources */ = {isa = PBXBuildFile; fileRef = 656F3CF520F80D1B00AB8B1A /* ZWebApp.m */; };
		656F3CFA20F8102500AB8B1A /* ZBackgroundView.h in Headers */ = {isa = PBXBuildFile; fileRef = 656F3CF820F8102500AB8B1A /* ZBackgroundView.h */; };
		656F3CFB20F8102500AB8B1A /* ZBackgroundView.m in Sources */ = {isa = PBXBuildFile; fileRef = 656F3CF920F8102500AB8B1A /* ZBackgroundView.m */; };
		656F3CFE20F81AC600AB8B1A /* ZInjectedJS.h in Headers */ = {isa = PBXBuildFile; fileRef = 656F3CFC20F81AC600AB8B1A /* ZInjectedJS.h */; };
		656F3CFF20F81AC600AB8B1A /* ZInjectedJS.m in Sources */ = {isa = PBXBuildFile; fileRef = 656F3CFD20F81AC600AB8B1A /* ZInjectedJS.m */; };
		657132B32135A79C00F79C70 /* Zapic.h in Headers */ = {isa = PBXBuildFile; fileRef = 657132B22135A79C00F79C70 /* Zapic.h */; };
		657132B62136223D00F79C70 /* ZSelectorHelpers.h in Headers */ = {isa = PBXBuildFile; fileRef = 657132B42136223D00F79C70 /* ZSelectorHelpers.h */; };
		657132B72136223D00F79C70 /* ZSelectorHelpers.m in Sources */ = {isa = PBXBuildFile; fileRef = 657132B52136223D00F79C70 /* ZSelectorHelpers.m */; };
		657132BE213624B200F79C70 /* ZapicAppDelegate.h in Headers */ = {isa = PBXBuildFile; fileRef = 657132BC213624B200F79C70 /* ZapicAppDelegate.h */; };
		657132BF213624B200F79C70 /* ZapicAppDelegate.m in Sources */ = {isa = PBXBuildFile; fileRef = 657132BD213624B200F79C70 /* ZapicAppDelegate.m */; };
		6576A708212DC4B1000D55B4 /* ZLoadingView.h in Headers */ = {isa = PBXBuildFile; fileRef = 6576A706212DC4B1000D55B4 /* ZLoadingView.h */; };
		6576A709212DC4B1000D55B4 /* ZLoadingView.m in Sources */ = {isa = PBXBuildFile; fileRef = 6576A707212DC4B1000D55B4 /* ZLoadingView.m */; };
		6576A70C212DC712000D55B4 /* ZErrorView.h in Headers */ = {isa = PBXBuildFile; fileRef = 6576A70A212DC712000D55B4 /* ZErrorView.h */; };
		6576A70D212DC712000D55B4 /* ZErrorView.m in Sources */ = {isa = PBXBuildFile; fileRef = 6576A70B212DC712000D55B4 /* ZErrorView.m */; };
		6576A710212DCA29000D55B4 /* ZBaseView.h in Headers */ = {isa = PBXBuildFile; fileRef = 6576A70E212DCA29000D55B4 /* ZBaseView.h */; };
		6576A711212DCA29000D55B4 /* ZBaseView.m in Sources */ = {isa = PBXBuildFile; fileRef = 6576A70F212DCA29000D55B4 /* ZBaseView.m */; };
		6578A660212F052A00A8C4A7 /* ZShareManager.h in Headers */ = {isa = PBXBuildFile; fileRef = 6578A65E212F052A00A8C4A7 /* ZShareManager.h */; };
		6578A661212F052A00A8C4A7 /* ZShareManager.m in Sources */ = {isa = PBXBuildFile; fileRef = 6578A65F212F052A00A8C4A7 /* ZShareManager.m */; };
		6578A664212F0B9D00A8C4A7 /* ZStorage.h in Headers */ = {isa = PBXBuildFile; fileRef = 6578A662212F0B9D00A8C4A7 /* ZStorage.h */; };
		6578A665212F0B9D00A8C4A7 /* ZStorage.m in Sources */ = {isa = PBXBuildFile; fileRef = 6578A663212F0B9D00A8C4A7 /* ZStorage.m */; };
		65904514212F018400AB9D0B /* ZShareMessage.h in Headers */ = {isa = PBXBuildFile; fileRef = 65904512212F018400AB9D0B /* ZShareMessage.h */; };
		65904515212F018400AB9D0B /* ZShareMessage.m in Sources */ = {isa = PBXBuildFile; fileRef = 65904513212F018400AB9D0B /* ZShareMessage.m */; };
		65AB333E211BC02D00D54953 /* ZBannerManager.h in Headers */ = {isa = PBXBuildFile; fileRef = 65AB333C211BC02D00D54953 /* ZBannerManager.h */; };
		65AB333F211BC02D00D54953 /* ZBannerManager.m in Sources */ = {isa = PBXBuildFile; fileRef = 65AB333D211BC02D00D54953 /* ZBannerManager.m */; };
		65C05A7421272FE000BEB7EB /* ZAppStatusMessage.h in Headers */ = {isa = PBXBuildFile; fileRef = 65C05A7221272FE000BEB7EB /* ZAppStatusMessage.h */; };
		65C05A7521272FE000BEB7EB /* ZAppStatusMessage.m in Sources */ = {isa = PBXBuildFile; fileRef = 65C05A7321272FE000BEB7EB /* ZAppStatusMessage.m */; };
		65C05A7821274BC400BEB7EB /* ZUtils.h in Headers */ = {isa = PBXBuildFile; fileRef = 65C05A7621274BC400BEB7EB /* ZUtils.h */; };
		65C05A7921274BC400BEB7EB /* ZUtils.m in Sources */ = {isa = PBXBuildFile; fileRef = 65C05A7721274BC400BEB7EB /* ZUtils.m */; };
		65C05A7C2127524100BEB7EB /* ZMessageQueue.h in Headers */ = {isa = PBXBuildFile; fileRef = 65C05A7A2127524100BEB7EB /* ZMessageQueue.h */; };
		65C05A7D2127524100BEB7EB /* ZMessageQueue.m in Sources */ = {isa = PBXBuildFile; fileRef = 65C05A7B2127524100BEB7EB /* ZMessageQueue.m */; };
		65DBCECF211B448C00E04CB7 /* ZScriptMessageHandler.h in Headers */ = {isa = PBXBuildFile; fileRef = 65DBCECD211B448C00E04CB7 /* ZScriptMessageHandler.h */; };
		65DBCED0211B448C00E04CB7 /* ZScriptMessageHandler.m in Sources */ = {isa = PBXBuildFile; fileRef = 65DBCECE211B448C00E04CB7 /* ZScriptMessageHandler.m */; };
		65DBCED5211B745600E04CB7 /* ZBannerMessage.h in Headers */ = {isa = PBXBuildFile; fileRef = 65DBCED3211B745600E04CB7 /* ZBannerMessage.h */; };
		65DBCED6211B745600E04CB7 /* ZBannerMessage.m in Sources */ = {isa = PBXBuildFile; fileRef = 65DBCED4211B745600E04CB7 /* ZBannerMessage.m */; };
		65DE749B213685DE0075CF59 /* ZNotificationManager.h in Headers */ = {isa = PBXBuildFile; fileRef = 65DE7499213685DE0075CF59 /* ZNotificationManager.h */; };
		65DE749C213685DE0075CF59 /* ZNotificationManager.m in Sources */ = {isa = PBXBuildFile; fileRef = 65DE749A213685DE0075CF59 /* ZNotificationManager.m */; };
		65E0921C213064D8005B9F6D /* ZImageUtils.h in Headers */ = {isa = PBXBuildFile; fileRef = 65E0921A213064D8005B9F6D /* ZImageUtils.h */; };
		65E0921D213064D8005B9F6D /* ZImageUtils.m in Sources */ = {isa = PBXBuildFile; fileRef = 65E0921B213064D8005B9F6D /* ZImageUtils.m */; };
/* End PBXBuildFile section */

/* Begin PBXContainerItemProxy section */
		65202DD820F7ED8C00BFF532 /* PBXContainerItemProxy */ = {
			isa = PBXContainerItemProxy;
			containerPortal = 65202DC420F7ED8C00BFF532 /* Project object */;
			proxyType = 1;
			remoteGlobalIDString = 65202DCC20F7ED8C00BFF532;
			remoteInfo = Zapic;
		};
/* End PBXContainerItemProxy section */

/* Begin PBXFileReference section */
		651BF25A212A719900067178 /* ZQueue.h */ = {isa = PBXFileReference; lastKnownFileType = sourcecode.c.h; path = ZQueue.h; sourceTree = "<group>"; };
		651BF25B212A719900067178 /* ZQueue.m */ = {isa = PBXFileReference; lastKnownFileType = sourcecode.c.objc; path = ZQueue.m; sourceTree = "<group>"; };
		651BF25E212B0AE100067178 /* ZPlayer.h */ = {isa = PBXFileReference; lastKnownFileType = sourcecode.c.h; path = ZPlayer.h; sourceTree = "<group>"; };
		651BF25F212B0AE100067178 /* ZPlayer.m */ = {isa = PBXFileReference; lastKnownFileType = sourcecode.c.objc; path = ZPlayer.m; sourceTree = "<group>"; };
		651BF29B212B55C100067178 /* ZPlayerManager.h */ = {isa = PBXFileReference; lastKnownFileType = sourcecode.c.h; path = ZPlayerManager.h; sourceTree = "<group>"; };
		651BF29C212B55C100067178 /* ZPlayerManager.m */ = {isa = PBXFileReference; lastKnownFileType = sourcecode.c.objc; path = ZPlayerManager.m; sourceTree = "<group>"; };
		651BF2AA212B6F8D00067178 /* ZSafariManager.h */ = {isa = PBXFileReference; lastKnownFileType = sourcecode.c.h; path = ZSafariManager.h; sourceTree = "<group>"; };
		651BF2AB212B6F8D00067178 /* ZSafariManager.m */ = {isa = PBXFileReference; lastKnownFileType = sourcecode.c.objc; path = ZSafariManager.m; sourceTree = "<group>"; };
		65202DCD20F7ED8C00BFF532 /* Zapic.framework */ = {isa = PBXFileReference; explicitFileType = wrapper.framework; includeInIndex = 0; path = Zapic.framework; sourceTree = BUILT_PRODUCTS_DIR; };
		65202DD020F7ED8C00BFF532 /* Zapic.h */ = {isa = PBXFileReference; lastKnownFileType = sourcecode.c.h; path = Zapic.h; sourceTree = "<group>"; };
		65202DD120F7ED8C00BFF532 /* Info.plist */ = {isa = PBXFileReference; lastKnownFileType = text.plist.xml; path = Info.plist; sourceTree = "<group>"; };
		65202DD620F7ED8C00BFF532 /* ZapicTests.xctest */ = {isa = PBXFileReference; explicitFileType = wrapper.cfbundle; includeInIndex = 0; path = ZapicTests.xctest; sourceTree = BUILT_PRODUCTS_DIR; };
		65202DDB20F7ED8C00BFF532 /* ZapicTests.m */ = {isa = PBXFileReference; lastKnownFileType = sourcecode.c.objc; path = ZapicTests.m; sourceTree = "<group>"; };
		65202DDD20F7ED8C00BFF532 /* Info.plist */ = {isa = PBXFileReference; lastKnownFileType = text.plist.xml; path = Info.plist; sourceTree = "<group>"; };
		656754622120CB2A009F8917 /* ZBanner.h */ = {isa = PBXFileReference; lastKnownFileType = sourcecode.c.h; path = ZBanner.h; sourceTree = "<group>"; };
		656754632120CB2A009F8917 /* ZBanner.m */ = {isa = PBXFileReference; lastKnownFileType = sourcecode.c.objc; path = ZBanner.m; sourceTree = "<group>"; };
		656754662120DD17009F8917 /* ZGradientBar.h */ = {isa = PBXFileReference; lastKnownFileType = sourcecode.c.h; path = ZGradientBar.h; sourceTree = "<group>"; };
		656754672120DD17009F8917 /* ZGradientBar.m */ = {isa = PBXFileReference; lastKnownFileType = sourcecode.c.objc; path = ZGradientBar.m; sourceTree = "<group>"; };
		656F3CE820F7F51600AB8B1A /* Zapic.m */ = {isa = PBXFileReference; lastKnownFileType = sourcecode.c.objc; path = Zapic.m; sourceTree = "<group>"; };
		656F3CEA20F7F7A400AB8B1A /* ZLog.h */ = {isa = PBXFileReference; lastKnownFileType = sourcecode.c.h; path = ZLog.h; sourceTree = "<group>"; };
		656F3CEB20F7F7A400AB8B1A /* ZLog.m */ = {isa = PBXFileReference; lastKnownFileType = sourcecode.c.objc; path = ZLog.m; sourceTree = "<group>"; };
		656F3CF020F8099500AB8B1A /* ZWebViewController.h */ = {isa = PBXFileReference; lastKnownFileType = sourcecode.c.h; path = ZWebViewController.h; sourceTree = "<group>"; };
		656F3CF120F8099500AB8B1A /* ZWebViewController.m */ = {isa = PBXFileReference; lastKnownFileType = sourcecode.c.objc; path = ZWebViewController.m; sourceTree = "<group>"; };
		656F3CF420F80D1B00AB8B1A /* ZWebApp.h */ = {isa = PBXFileReference; lastKnownFileType = sourcecode.c.h; path = ZWebApp.h; sourceTree = "<group>"; };
		656F3CF520F80D1B00AB8B1A /* ZWebApp.m */ = {isa = PBXFileReference; lastKnownFileType = sourcecode.c.objc; path = ZWebApp.m; sourceTree = "<group>"; };
		656F3CF820F8102500AB8B1A /* ZBackgroundView.h */ = {isa = PBXFileReference; lastKnownFileType = sourcecode.c.h; path = ZBackgroundView.h; sourceTree = "<group>"; };
		656F3CF920F8102500AB8B1A /* ZBackgroundView.m */ = {isa = PBXFileReference; lastKnownFileType = sourcecode.c.objc; path = ZBackgroundView.m; sourceTree = "<group>"; };
		656F3CFC20F81AC600AB8B1A /* ZInjectedJS.h */ = {isa = PBXFileReference; lastKnownFileType = sourcecode.c.h; path = ZInjectedJS.h; sourceTree = "<group>"; };
		656F3CFD20F81AC600AB8B1A /* ZInjectedJS.m */ = {isa = PBXFileReference; lastKnownFileType = sourcecode.c.objc; path = ZInjectedJS.m; sourceTree = "<group>"; };
		657132AF2135A67E00F79C70 /* module.modulemap */ = {isa = PBXFileReference; lastKnownFileType = "sourcecode.module-map"; path = module.modulemap; sourceTree = "<group>"; };
		657132B22135A79C00F79C70 /* Zapic.h */ = {isa = PBXFileReference; lastKnownFileType = sourcecode.c.h; path = Zapic.h; sourceTree = "<group>"; };
		657132B42136223D00F79C70 /* ZSelectorHelpers.h */ = {isa = PBXFileReference; lastKnownFileType = sourcecode.c.h; path = ZSelectorHelpers.h; sourceTree = "<group>"; };
		657132B52136223D00F79C70 /* ZSelectorHelpers.m */ = {isa = PBXFileReference; lastKnownFileType = sourcecode.c.objc; path = ZSelectorHelpers.m; sourceTree = "<group>"; };
		657132BC213624B200F79C70 /* ZapicAppDelegate.h */ = {isa = PBXFileReference; lastKnownFileType = sourcecode.c.h; path = ZapicAppDelegate.h; sourceTree = "<group>"; };
		657132BD213624B200F79C70 /* ZapicAppDelegate.m */ = {isa = PBXFileReference; lastKnownFileType = sourcecode.c.objc; path = ZapicAppDelegate.m; sourceTree = "<group>"; };
		6576A706212DC4B1000D55B4 /* ZLoadingView.h */ = {isa = PBXFileReference; lastKnownFileType = sourcecode.c.h; path = ZLoadingView.h; sourceTree = "<group>"; };
		6576A707212DC4B1000D55B4 /* ZLoadingView.m */ = {isa = PBXFileReference; lastKnownFileType = sourcecode.c.objc; path = ZLoadingView.m; sourceTree = "<group>"; };
		6576A70A212DC712000D55B4 /* ZErrorView.h */ = {isa = PBXFileReference; lastKnownFileType = sourcecode.c.h; path = ZErrorView.h; sourceTree = "<group>"; };
		6576A70B212DC712000D55B4 /* ZErrorView.m */ = {isa = PBXFileReference; lastKnownFileType = sourcecode.c.objc; path = ZErrorView.m; sourceTree = "<group>"; };
		6576A70E212DCA29000D55B4 /* ZBaseView.h */ = {isa = PBXFileReference; lastKnownFileType = sourcecode.c.h; path = ZBaseView.h; sourceTree = "<group>"; };
		6576A70F212DCA29000D55B4 /* ZBaseView.m */ = {isa = PBXFileReference; lastKnownFileType = sourcecode.c.objc; path = ZBaseView.m; sourceTree = "<group>"; };
		6578A65E212F052A00A8C4A7 /* ZShareManager.h */ = {isa = PBXFileReference; lastKnownFileType = sourcecode.c.h; path = ZShareManager.h; sourceTree = "<group>"; };
		6578A65F212F052A00A8C4A7 /* ZShareManager.m */ = {isa = PBXFileReference; lastKnownFileType = sourcecode.c.objc; path = ZShareManager.m; sourceTree = "<group>"; };
		6578A662212F0B9D00A8C4A7 /* ZStorage.h */ = {isa = PBXFileReference; lastKnownFileType = sourcecode.c.h; path = ZStorage.h; sourceTree = "<group>"; };
		6578A663212F0B9D00A8C4A7 /* ZStorage.m */ = {isa = PBXFileReference; lastKnownFileType = sourcecode.c.objc; path = ZStorage.m; sourceTree = "<group>"; };
		65904512212F018400AB9D0B /* ZShareMessage.h */ = {isa = PBXFileReference; lastKnownFileType = sourcecode.c.h; path = ZShareMessage.h; sourceTree = "<group>"; };
		65904513212F018400AB9D0B /* ZShareMessage.m */ = {isa = PBXFileReference; lastKnownFileType = sourcecode.c.objc; path = ZShareMessage.m; sourceTree = "<group>"; };
		65AB333C211BC02D00D54953 /* ZBannerManager.h */ = {isa = PBXFileReference; lastKnownFileType = sourcecode.c.h; path = ZBannerManager.h; sourceTree = "<group>"; };
		65AB333D211BC02D00D54953 /* ZBannerManager.m */ = {isa = PBXFileReference; lastKnownFileType = sourcecode.c.objc; path = ZBannerManager.m; sourceTree = "<group>"; };
		65C05A7221272FE000BEB7EB /* ZAppStatusMessage.h */ = {isa = PBXFileReference; lastKnownFileType = sourcecode.c.h; path = ZAppStatusMessage.h; sourceTree = "<group>"; };
		65C05A7321272FE000BEB7EB /* ZAppStatusMessage.m */ = {isa = PBXFileReference; lastKnownFileType = sourcecode.c.objc; path = ZAppStatusMessage.m; sourceTree = "<group>"; };
		65C05A7621274BC400BEB7EB /* ZUtils.h */ = {isa = PBXFileReference; lastKnownFileType = sourcecode.c.h; path = ZUtils.h; sourceTree = "<group>"; };
		65C05A7721274BC400BEB7EB /* ZUtils.m */ = {isa = PBXFileReference; lastKnownFileType = sourcecode.c.objc; path = ZUtils.m; sourceTree = "<group>"; };
		65C05A7A2127524100BEB7EB /* ZMessageQueue.h */ = {isa = PBXFileReference; lastKnownFileType = sourcecode.c.h; path = ZMessageQueue.h; sourceTree = "<group>"; };
		65C05A7B2127524100BEB7EB /* ZMessageQueue.m */ = {isa = PBXFileReference; lastKnownFileType = sourcecode.c.objc; path = ZMessageQueue.m; sourceTree = "<group>"; };
		65DBCECD211B448C00E04CB7 /* ZScriptMessageHandler.h */ = {isa = PBXFileReference; lastKnownFileType = sourcecode.c.h; path = ZScriptMessageHandler.h; sourceTree = "<group>"; };
		65DBCECE211B448C00E04CB7 /* ZScriptMessageHandler.m */ = {isa = PBXFileReference; lastKnownFileType = sourcecode.c.objc; path = ZScriptMessageHandler.m; sourceTree = "<group>"; };
		65DBCED3211B745600E04CB7 /* ZBannerMessage.h */ = {isa = PBXFileReference; lastKnownFileType = sourcecode.c.h; path = ZBannerMessage.h; sourceTree = "<group>"; };
		65DBCED4211B745600E04CB7 /* ZBannerMessage.m */ = {isa = PBXFileReference; lastKnownFileType = sourcecode.c.objc; path = ZBannerMessage.m; sourceTree = "<group>"; };
		65DE7499213685DE0075CF59 /* ZNotificationManager.h */ = {isa = PBXFileReference; lastKnownFileType = sourcecode.c.h; path = ZNotificationManager.h; sourceTree = "<group>"; };
		65DE749A213685DE0075CF59 /* ZNotificationManager.m */ = {isa = PBXFileReference; lastKnownFileType = sourcecode.c.objc; path = ZNotificationManager.m; sourceTree = "<group>"; };
		65E0921A213064D8005B9F6D /* ZImageUtils.h */ = {isa = PBXFileReference; lastKnownFileType = sourcecode.c.h; path = ZImageUtils.h; sourceTree = "<group>"; };
		65E0921B213064D8005B9F6D /* ZImageUtils.m */ = {isa = PBXFileReference; lastKnownFileType = sourcecode.c.objc; path = ZImageUtils.m; sourceTree = "<group>"; };
/* End PBXFileReference section */

/* Begin PBXFrameworksBuildPhase section */
		65202DC920F7ED8C00BFF532 /* Frameworks */ = {
			isa = PBXFrameworksBuildPhase;
			buildActionMask = 2147483647;
			files = (
			);
			runOnlyForDeploymentPostprocessing = 0;
		};
		65202DD320F7ED8C00BFF532 /* Frameworks */ = {
			isa = PBXFrameworksBuildPhase;
			buildActionMask = 2147483647;
			files = (
				65202DD720F7ED8C00BFF532 /* Zapic.framework in Frameworks */,
			);
			runOnlyForDeploymentPostprocessing = 0;
		};
/* End PBXFrameworksBuildPhase section */

/* Begin PBXGroup section */
		65202DC320F7ED8C00BFF532 = {
			isa = PBXGroup;
			children = (
				657132AE2135A66D00F79C70 /* Modules */,
				65DBCED2211B739400E04CB7 /* Controllers */,
				65DBCED1211B738100E04CB7 /* Models */,
				65202DCE20F7ED8C00BFF532 /* Products */,
				656F3CEE20F7F7EC00AB8B1A /* Utilities */,
				656F3CEF20F8095900AB8B1A /* Views */,
				65202DCF20F7ED8C00BFF532 /* Zapic */,
				65202DDA20F7ED8C00BFF532 /* ZapicTests */,
			);
			sourceTree = "<group>";
		};
		65202DCE20F7ED8C00BFF532 /* Products */ = {
			isa = PBXGroup;
			children = (
				65202DCD20F7ED8C00BFF532 /* Zapic.framework */,
				65202DD620F7ED8C00BFF532 /* ZapicTests.xctest */,
			);
			name = Products;
			sourceTree = "<group>";
		};
		65202DCF20F7ED8C00BFF532 /* Zapic */ = {
			isa = PBXGroup;
			children = (
				65202DD120F7ED8C00BFF532 /* Info.plist */,
				657132B22135A79C00F79C70 /* Zapic.h */,
			);
			path = Zapic;
			sourceTree = "<group>";
		};
		65202DDA20F7ED8C00BFF532 /* ZapicTests */ = {
			isa = PBXGroup;
			children = (
				65202DDB20F7ED8C00BFF532 /* ZapicTests.m */,
				65202DDD20F7ED8C00BFF532 /* Info.plist */,
			);
			path = ZapicTests;
			sourceTree = "<group>";
		};
		656F3CEE20F7F7EC00AB8B1A /* Utilities */ = {
			isa = PBXGroup;
			children = (
				656F3CEA20F7F7A400AB8B1A /* ZLog.h */,
				656F3CEB20F7F7A400AB8B1A /* ZLog.m */,
				656F3CFC20F81AC600AB8B1A /* ZInjectedJS.h */,
				656F3CFD20F81AC600AB8B1A /* ZInjectedJS.m */,
				65C05A7621274BC400BEB7EB /* ZUtils.h */,
				65C05A7721274BC400BEB7EB /* ZUtils.m */,
				651BF25A212A719900067178 /* ZQueue.h */,
				651BF25B212A719900067178 /* ZQueue.m */,
				6578A662212F0B9D00A8C4A7 /* ZStorage.h */,
				6578A663212F0B9D00A8C4A7 /* ZStorage.m */,
				65E0921A213064D8005B9F6D /* ZImageUtils.h */,
				65E0921B213064D8005B9F6D /* ZImageUtils.m */,
				657132B42136223D00F79C70 /* ZSelectorHelpers.h */,
				657132B52136223D00F79C70 /* ZSelectorHelpers.m */,
			);
			name = Utilities;
			path = Zapic/Utilities;
			sourceTree = "<group>";
		};
		656F3CEF20F8095900AB8B1A /* Views */ = {
			isa = PBXGroup;
			children = (
				656F3CF820F8102500AB8B1A /* ZBackgroundView.h */,
				656F3CF920F8102500AB8B1A /* ZBackgroundView.m */,
				656754622120CB2A009F8917 /* ZBanner.h */,
				656754632120CB2A009F8917 /* ZBanner.m */,
				656754662120DD17009F8917 /* ZGradientBar.h */,
				656754672120DD17009F8917 /* ZGradientBar.m */,
				656F3CF420F80D1B00AB8B1A /* ZWebApp.h */,
				656F3CF520F80D1B00AB8B1A /* ZWebApp.m */,
				6576A706212DC4B1000D55B4 /* ZLoadingView.h */,
				6576A707212DC4B1000D55B4 /* ZLoadingView.m */,
				6576A70A212DC712000D55B4 /* ZErrorView.h */,
				6576A70B212DC712000D55B4 /* ZErrorView.m */,
				6576A70E212DCA29000D55B4 /* ZBaseView.h */,
				6576A70F212DCA29000D55B4 /* ZBaseView.m */,
			);
			name = Views;
			path = Zapic/Views;
			sourceTree = "<group>";
		};
		657132AE2135A66D00F79C70 /* Modules */ = {
			isa = PBXGroup;
			children = (
				657132AF2135A67E00F79C70 /* module.modulemap */,
			);
			path = Modules;
			sourceTree = "<group>";
		};
		65DBCED1211B738100E04CB7 /* Models */ = {
			isa = PBXGroup;
			children = (
				65DBCED3211B745600E04CB7 /* ZBannerMessage.h */,
				65DBCED4211B745600E04CB7 /* ZBannerMessage.m */,
				65C05A7221272FE000BEB7EB /* ZAppStatusMessage.h */,
				65C05A7321272FE000BEB7EB /* ZAppStatusMessage.m */,
				651BF25E212B0AE100067178 /* ZPlayer.h */,
				651BF25F212B0AE100067178 /* ZPlayer.m */,
				65904512212F018400AB9D0B /* ZShareMessage.h */,
				65904513212F018400AB9D0B /* ZShareMessage.m */,
			);
			name = Models;
			path = Zapic/Models;
			sourceTree = "<group>";
		};
		65DBCED2211B739400E04CB7 /* Controllers */ = {
			isa = PBXGroup;
			children = (
				65202DD020F7ED8C00BFF532 /* Zapic.h */,
				656F3CE820F7F51600AB8B1A /* Zapic.m */,
				656F3CF020F8099500AB8B1A /* ZWebViewController.h */,
				656F3CF120F8099500AB8B1A /* ZWebViewController.m */,
				65DBCECD211B448C00E04CB7 /* ZScriptMessageHandler.h */,
				65DBCECE211B448C00E04CB7 /* ZScriptMessageHandler.m */,
				65AB333C211BC02D00D54953 /* ZBannerManager.h */,
				65AB333D211BC02D00D54953 /* ZBannerManager.m */,
				65C05A7A2127524100BEB7EB /* ZMessageQueue.h */,
				65C05A7B2127524100BEB7EB /* ZMessageQueue.m */,
				651BF29B212B55C100067178 /* ZPlayerManager.h */,
				651BF29C212B55C100067178 /* ZPlayerManager.m */,
				651BF2AA212B6F8D00067178 /* ZSafariManager.h */,
				651BF2AB212B6F8D00067178 /* ZSafariManager.m */,
				6578A65E212F052A00A8C4A7 /* ZShareManager.h */,
				6578A65F212F052A00A8C4A7 /* ZShareManager.m */,
				657132BC213624B200F79C70 /* ZapicAppDelegate.h */,
				657132BD213624B200F79C70 /* ZapicAppDelegate.m */,
				65DE7499213685DE0075CF59 /* ZNotificationManager.h */,
				65DE749A213685DE0075CF59 /* ZNotificationManager.m */,
			);
			name = Controllers;
			path = Zapic/Controllers;
			sourceTree = "<group>";
		};
/* End PBXGroup section */

/* Begin PBXHeadersBuildPhase section */
		65202DCA20F7ED8C00BFF532 /* Headers */ = {
			isa = PBXHeadersBuildPhase;
			buildActionMask = 2147483647;
			files = (
				656F3CF620F80D1B00AB8B1A /* ZWebApp.h in Headers */,
				651BF260212B0AE100067178 /* ZPlayer.h in Headers */,
				656F3CEC20F7F7A400AB8B1A /* ZLog.h in Headers */,
				656F3CFE20F81AC600AB8B1A /* ZInjectedJS.h in Headers */,
				657132B32135A79C00F79C70 /* Zapic.h in Headers */,
				65DBCED5211B745600E04CB7 /* ZBannerMessage.h in Headers */,
				65DE749B213685DE0075CF59 /* ZNotificationManager.h in Headers */,
				651BF29D212B55C100067178 /* ZPlayerManager.h in Headers */,
				65C05A7821274BC400BEB7EB /* ZUtils.h in Headers */,
				6578A664212F0B9D00A8C4A7 /* ZStorage.h in Headers */,
				651BF2AC212B6F8D00067178 /* ZSafariManager.h in Headers */,
				65C05A7C2127524100BEB7EB /* ZMessageQueue.h in Headers */,
				65904514212F018400AB9D0B /* ZShareMessage.h in Headers */,
				6576A70C212DC712000D55B4 /* ZErrorView.h in Headers */,
				65E0921C213064D8005B9F6D /* ZImageUtils.h in Headers */,
				6578A660212F052A00A8C4A7 /* ZShareManager.h in Headers */,
				656F3CFA20F8102500AB8B1A /* ZBackgroundView.h in Headers */,
				65C05A7421272FE000BEB7EB /* ZAppStatusMessage.h in Headers */,
				65AB333E211BC02D00D54953 /* ZBannerManager.h in Headers */,
				65202DDE20F7ED8C00BFF532 /* Zapic.h in Headers */,
				657132BE213624B200F79C70 /* ZapicAppDelegate.h in Headers */,
				6576A708212DC4B1000D55B4 /* ZLoadingView.h in Headers */,
				6576A710212DCA29000D55B4 /* ZBaseView.h in Headers */,
				656F3CF220F8099500AB8B1A /* ZWebViewController.h in Headers */,
				657132B62136223D00F79C70 /* ZSelectorHelpers.h in Headers */,
				651BF25C212A719900067178 /* ZQueue.h in Headers */,
				656754682120DD17009F8917 /* ZGradientBar.h in Headers */,
				656754642120CB2A009F8917 /* ZBanner.h in Headers */,
				65DBCECF211B448C00E04CB7 /* ZScriptMessageHandler.h in Headers */,
			);
			runOnlyForDeploymentPostprocessing = 0;
		};
/* End PBXHeadersBuildPhase section */

/* Begin PBXNativeTarget section */
		65202DCC20F7ED8C00BFF532 /* Zapic */ = {
			isa = PBXNativeTarget;
			buildConfigurationList = 65202DE120F7ED8C00BFF532 /* Build configuration list for PBXNativeTarget "Zapic" */;
			buildPhases = (
				65202DC820F7ED8C00BFF532 /* Sources */,
				65202DC920F7ED8C00BFF532 /* Frameworks */,
				65202DCA20F7ED8C00BFF532 /* Headers */,
				65202DCB20F7ED8C00BFF532 /* Resources */,
				6558126F213B9ABB00E855A9 /* Format Code */,
			);
			buildRules = (
			);
			dependencies = (
			);
			name = Zapic;
			productName = Zapic;
			productReference = 65202DCD20F7ED8C00BFF532 /* Zapic.framework */;
			productType = "com.apple.product-type.framework";
		};
		65202DD520F7ED8C00BFF532 /* ZapicTests */ = {
			isa = PBXNativeTarget;
			buildConfigurationList = 65202DE420F7ED8C00BFF532 /* Build configuration list for PBXNativeTarget "ZapicTests" */;
			buildPhases = (
				6D4F17675DBABE55161D75CE /* [CP] Check Pods Manifest.lock */,
				65202DD220F7ED8C00BFF532 /* Sources */,
				65202DD320F7ED8C00BFF532 /* Frameworks */,
				65202DD420F7ED8C00BFF532 /* Resources */,
			);
			buildRules = (
			);
			dependencies = (
				65202DD920F7ED8C00BFF532 /* PBXTargetDependency */,
			);
			name = ZapicTests;
			productName = ZapicTests;
			productReference = 65202DD620F7ED8C00BFF532 /* ZapicTests.xctest */;
			productType = "com.apple.product-type.bundle.unit-test";
		};
/* End PBXNativeTarget section */

/* Begin PBXProject section */
		65202DC420F7ED8C00BFF532 /* Project object */ = {
			isa = PBXProject;
			attributes = {
				LastUpgradeCheck = 0940;
				ORGANIZATIONNAME = Zapic;
				TargetAttributes = {
					65202DCC20F7ED8C00BFF532 = {
						CreatedOnToolsVersion = 9.4.1;
					};
					65202DD520F7ED8C00BFF532 = {
						CreatedOnToolsVersion = 9.4.1;
					};
				};
			};
			buildConfigurationList = 65202DC720F7ED8C00BFF532 /* Build configuration list for PBXProject "Zapic" */;
			compatibilityVersion = "Xcode 9.3";
			developmentRegion = en;
			hasScannedForEncodings = 0;
			knownRegions = (
				en,
			);
			mainGroup = 65202DC320F7ED8C00BFF532;
			productRefGroup = 65202DCE20F7ED8C00BFF532 /* Products */;
			projectDirPath = "";
			projectRoot = "";
			targets = (
				65202DCC20F7ED8C00BFF532 /* Zapic */,
				65202DD520F7ED8C00BFF532 /* ZapicTests */,
			);
		};
/* End PBXProject section */

/* Begin PBXResourcesBuildPhase section */
		65202DCB20F7ED8C00BFF532 /* Resources */ = {
			isa = PBXResourcesBuildPhase;
			buildActionMask = 2147483647;
			files = (
			);
			runOnlyForDeploymentPostprocessing = 0;
		};
		65202DD420F7ED8C00BFF532 /* Resources */ = {
			isa = PBXResourcesBuildPhase;
			buildActionMask = 2147483647;
			files = (
			);
			runOnlyForDeploymentPostprocessing = 0;
		};
/* End PBXResourcesBuildPhase section */

/* Begin PBXShellScriptBuildPhase section */
		6558126F213B9ABB00E855A9 /* Format Code */ = {
			isa = PBXShellScriptBuildPhase;
			buildActionMask = 2147483647;
			files = (
			);
			inputPaths = (
			);
			name = "Format Code";
			outputPaths = (
			);
			runOnlyForDeploymentPostprocessing = 0;
			shellPath = /bin/sh;
			shellScript = "chmod u+x $SRCROOT/Scripts/format-code.sh\nsleep 0.6 ### during save Xcode stops listening for file changes\n$SRCROOT/Scripts/format-code.sh";
		};
		6D4F17675DBABE55161D75CE /* [CP] Check Pods Manifest.lock */ = {
			isa = PBXShellScriptBuildPhase;
			buildActionMask = 2147483647;
			files = (
			);
			inputPaths = (
				"${PODS_PODFILE_DIR_PATH}/Podfile.lock",
				"${PODS_ROOT}/Manifest.lock",
			);
			name = "[CP] Check Pods Manifest.lock";
			outputPaths = (
				"$(DERIVED_FILE_DIR)/Pods-ZapicTests-checkManifestLockResult.txt",
			);
			runOnlyForDeploymentPostprocessing = 0;
			shellPath = /bin/sh;
			shellScript = "diff \"${PODS_PODFILE_DIR_PATH}/Podfile.lock\" \"${PODS_ROOT}/Manifest.lock\" > /dev/null\nif [ $? != 0 ] ; then\n    # print error to STDERR\n    echo \"error: The sandbox is not in sync with the Podfile.lock. Run 'pod install' or update your CocoaPods installation.\" >&2\n    exit 1\nfi\n# This output is used by Xcode 'outputs' to avoid re-running this script phase.\necho \"SUCCESS\" > \"${SCRIPT_OUTPUT_FILE_0}\"\n";
			showEnvVarsInLog = 0;
		};
/* End PBXShellScriptBuildPhase section */

/* Begin PBXSourcesBuildPhase section */
		65202DC820F7ED8C00BFF532 /* Sources */ = {
			isa = PBXSourcesBuildPhase;
			buildActionMask = 2147483647;
			files = (
				65DBCED6211B745600E04CB7 /* ZBannerMessage.m in Sources */,
				65DE749C213685DE0075CF59 /* ZNotificationManager.m in Sources */,
				656F3CF320F8099500AB8B1A /* ZWebViewController.m in Sources */,
				65E0921D213064D8005B9F6D /* ZImageUtils.m in Sources */,
				651BF2AD212B6F8D00067178 /* ZSafariManager.m in Sources */,
				65C05A7521272FE000BEB7EB /* ZAppStatusMessage.m in Sources */,
				657132B72136223D00F79C70 /* ZSelectorHelpers.m in Sources */,
				6578A661212F052A00A8C4A7 /* ZShareManager.m in Sources */,
				65C05A7921274BC400BEB7EB /* ZUtils.m in Sources */,
				65C05A7D2127524100BEB7EB /* ZMessageQueue.m in Sources */,
				65AB333F211BC02D00D54953 /* ZBannerManager.m in Sources */,
				651BF25D212A719900067178 /* ZQueue.m in Sources */,
				656F3CF720F80D1B00AB8B1A /* ZWebApp.m in Sources */,
				656F3CFB20F8102500AB8B1A /* ZBackgroundView.m in Sources */,
				6576A709212DC4B1000D55B4 /* ZLoadingView.m in Sources */,
				65DBCED0211B448C00E04CB7 /* ZScriptMessageHandler.m in Sources */,
				6576A711212DCA29000D55B4 /* ZBaseView.m in Sources */,
				656754692120DD17009F8917 /* ZGradientBar.m in Sources */,
				651BF261212B0AE100067178 /* ZPlayer.m in Sources */,
				6576A70D212DC712000D55B4 /* ZErrorView.m in Sources */,
				656F3CE920F7F51600AB8B1A /* Zapic.m in Sources */,
				656F3CED20F7F7A400AB8B1A /* ZLog.m in Sources */,
				657132BF213624B200F79C70 /* ZapicAppDelegate.m in Sources */,
				656754652120CB2A009F8917 /* ZBanner.m in Sources */,
				6578A665212F0B9D00A8C4A7 /* ZStorage.m in Sources */,
				651BF29E212B55C100067178 /* ZPlayerManager.m in Sources */,
				65904515212F018400AB9D0B /* ZShareMessage.m in Sources */,
				656F3CFF20F81AC600AB8B1A /* ZInjectedJS.m in Sources */,
			);
			runOnlyForDeploymentPostprocessing = 0;
		};
		65202DD220F7ED8C00BFF532 /* Sources */ = {
			isa = PBXSourcesBuildPhase;
			buildActionMask = 2147483647;
			files = (
				65202DDC20F7ED8C00BFF532 /* ZapicTests.m in Sources */,
			);
			runOnlyForDeploymentPostprocessing = 0;
		};
/* End PBXSourcesBuildPhase section */

/* Begin PBXTargetDependency section */
		65202DD920F7ED8C00BFF532 /* PBXTargetDependency */ = {
			isa = PBXTargetDependency;
			target = 65202DCC20F7ED8C00BFF532 /* Zapic */;
			targetProxy = 65202DD820F7ED8C00BFF532 /* PBXContainerItemProxy */;
		};
/* End PBXTargetDependency section */

/* Begin XCBuildConfiguration section */
		65202DDF20F7ED8C00BFF532 /* Debug */ = {
			isa = XCBuildConfiguration;
			buildSettings = {
				ALWAYS_SEARCH_USER_PATHS = NO;
				CLANG_ANALYZER_NONNULL = YES;
				CLANG_ANALYZER_NUMBER_OBJECT_CONVERSION = YES_AGGRESSIVE;
				CLANG_CXX_LANGUAGE_STANDARD = "gnu++14";
				CLANG_CXX_LIBRARY = "libc++";
				CLANG_ENABLE_MODULES = YES;
				CLANG_ENABLE_OBJC_ARC = YES;
				CLANG_ENABLE_OBJC_WEAK = YES;
				CLANG_WARN_BLOCK_CAPTURE_AUTORELEASING = YES;
				CLANG_WARN_BOOL_CONVERSION = YES;
				CLANG_WARN_COMMA = YES;
				CLANG_WARN_CONSTANT_CONVERSION = YES;
				CLANG_WARN_DEPRECATED_OBJC_IMPLEMENTATIONS = YES;
				CLANG_WARN_DIRECT_OBJC_ISA_USAGE = YES_ERROR;
				CLANG_WARN_DOCUMENTATION_COMMENTS = YES;
				CLANG_WARN_EMPTY_BODY = YES;
				CLANG_WARN_ENUM_CONVERSION = YES;
				CLANG_WARN_INFINITE_RECURSION = YES;
				CLANG_WARN_INT_CONVERSION = YES;
				CLANG_WARN_NON_LITERAL_NULL_CONVERSION = YES;
				CLANG_WARN_OBJC_IMPLICIT_RETAIN_SELF = YES;
				CLANG_WARN_OBJC_LITERAL_CONVERSION = YES;
				CLANG_WARN_OBJC_ROOT_CLASS = YES_ERROR;
				CLANG_WARN_RANGE_LOOP_ANALYSIS = YES;
				CLANG_WARN_STRICT_PROTOTYPES = YES;
				CLANG_WARN_SUSPICIOUS_MOVE = YES;
				CLANG_WARN_UNGUARDED_AVAILABILITY = YES_AGGRESSIVE;
				CLANG_WARN_UNREACHABLE_CODE = YES;
				CLANG_WARN__DUPLICATE_METHOD_MATCH = YES;
				CODE_SIGN_IDENTITY = "iPhone Developer";
				COPY_PHASE_STRIP = NO;
				CURRENT_PROJECT_VERSION = 1;
				DEBUG_INFORMATION_FORMAT = dwarf;
				ENABLE_STRICT_OBJC_MSGSEND = YES;
				ENABLE_TESTABILITY = YES;
				GCC_C_LANGUAGE_STANDARD = gnu11;
				GCC_DYNAMIC_NO_PIC = NO;
				GCC_NO_COMMON_BLOCKS = YES;
				GCC_OPTIMIZATION_LEVEL = 0;
				GCC_PREPROCESSOR_DEFINITIONS = (
					"DEBUG=1",
					"$(inherited)",
				);
				GCC_WARN_64_TO_32_BIT_CONVERSION = YES;
				GCC_WARN_ABOUT_RETURN_TYPE = YES_ERROR;
				GCC_WARN_UNDECLARED_SELECTOR = YES;
				GCC_WARN_UNINITIALIZED_AUTOS = YES_AGGRESSIVE;
				GCC_WARN_UNUSED_FUNCTION = YES;
				GCC_WARN_UNUSED_VARIABLE = YES;
				IPHONEOS_DEPLOYMENT_TARGET = 11.4;
				MTL_ENABLE_DEBUG_INFO = YES;
				ONLY_ACTIVE_ARCH = YES;
				SDKROOT = iphoneos;
				VERSIONING_SYSTEM = "apple-generic";
				VERSION_INFO_PREFIX = "";
			};
			name = Debug;
		};
		65202DE020F7ED8C00BFF532 /* Release */ = {
			isa = XCBuildConfiguration;
			buildSettings = {
				ALWAYS_SEARCH_USER_PATHS = NO;
				CLANG_ANALYZER_NONNULL = YES;
				CLANG_ANALYZER_NUMBER_OBJECT_CONVERSION = YES_AGGRESSIVE;
				CLANG_CXX_LANGUAGE_STANDARD = "gnu++14";
				CLANG_CXX_LIBRARY = "libc++";
				CLANG_ENABLE_MODULES = YES;
				CLANG_ENABLE_OBJC_ARC = YES;
				CLANG_ENABLE_OBJC_WEAK = YES;
				CLANG_WARN_BLOCK_CAPTURE_AUTORELEASING = YES;
				CLANG_WARN_BOOL_CONVERSION = YES;
				CLANG_WARN_COMMA = YES;
				CLANG_WARN_CONSTANT_CONVERSION = YES;
				CLANG_WARN_DEPRECATED_OBJC_IMPLEMENTATIONS = YES;
				CLANG_WARN_DIRECT_OBJC_ISA_USAGE = YES_ERROR;
				CLANG_WARN_DOCUMENTATION_COMMENTS = YES;
				CLANG_WARN_EMPTY_BODY = YES;
				CLANG_WARN_ENUM_CONVERSION = YES;
				CLANG_WARN_INFINITE_RECURSION = YES;
				CLANG_WARN_INT_CONVERSION = YES;
				CLANG_WARN_NON_LITERAL_NULL_CONVERSION = YES;
				CLANG_WARN_OBJC_IMPLICIT_RETAIN_SELF = YES;
				CLANG_WARN_OBJC_LITERAL_CONVERSION = YES;
				CLANG_WARN_OBJC_ROOT_CLASS = YES_ERROR;
				CLANG_WARN_RANGE_LOOP_ANALYSIS = YES;
				CLANG_WARN_STRICT_PROTOTYPES = YES;
				CLANG_WARN_SUSPICIOUS_MOVE = YES;
				CLANG_WARN_UNGUARDED_AVAILABILITY = YES_AGGRESSIVE;
				CLANG_WARN_UNREACHABLE_CODE = YES;
				CLANG_WARN__DUPLICATE_METHOD_MATCH = YES;
				CODE_SIGN_IDENTITY = "iPhone Developer";
				COPY_PHASE_STRIP = NO;
				CURRENT_PROJECT_VERSION = 1;
				DEBUG_INFORMATION_FORMAT = "dwarf-with-dsym";
				ENABLE_NS_ASSERTIONS = NO;
				ENABLE_STRICT_OBJC_MSGSEND = YES;
				GCC_C_LANGUAGE_STANDARD = gnu11;
				GCC_NO_COMMON_BLOCKS = YES;
				GCC_WARN_64_TO_32_BIT_CONVERSION = YES;
				GCC_WARN_ABOUT_RETURN_TYPE = YES_ERROR;
				GCC_WARN_UNDECLARED_SELECTOR = YES;
				GCC_WARN_UNINITIALIZED_AUTOS = YES_AGGRESSIVE;
				GCC_WARN_UNUSED_FUNCTION = YES;
				GCC_WARN_UNUSED_VARIABLE = YES;
				IPHONEOS_DEPLOYMENT_TARGET = 11.4;
				MTL_ENABLE_DEBUG_INFO = NO;
				SDKROOT = iphoneos;
				VALIDATE_PRODUCT = YES;
				VERSIONING_SYSTEM = "apple-generic";
				VERSION_INFO_PREFIX = "";
			};
			name = Release;
		};
		65202DE220F7ED8C00BFF532 /* Debug */ = {
			isa = XCBuildConfiguration;
			buildSettings = {
				CODE_SIGN_IDENTITY = "";
				CODE_SIGN_STYLE = Automatic;
				DEFINES_MODULE = YES;
				DEVELOPMENT_TEAM = 24QXGCES3E;
				DYLIB_COMPATIBILITY_VERSION = 1;
				DYLIB_CURRENT_VERSION = 1;
				DYLIB_INSTALL_NAME_BASE = "@rpath";
				INFOPLIST_FILE = Zapic/Info.plist;
				INSTALL_PATH = "$(LOCAL_LIBRARY_DIR)/Frameworks";
				IPHONEOS_DEPLOYMENT_TARGET = 9.0;
				LD_RUNPATH_SEARCH_PATHS = (
					"$(inherited)",
					"@executable_path/Frameworks",
					"@loader_path/Frameworks",
				);
				PRODUCT_BUNDLE_IDENTIFIER = com.zapic.Zapic;
				PRODUCT_NAME = "$(TARGET_NAME:c99extidentifier)";
				SKIP_INSTALL = YES;
				TARGETED_DEVICE_FAMILY = "1,2";
			};
			name = Debug;
		};
		65202DE320F7ED8C00BFF532 /* Release */ = {
			isa = XCBuildConfiguration;
			buildSettings = {
				CODE_SIGN_IDENTITY = "";
				CODE_SIGN_STYLE = Automatic;
				DEFINES_MODULE = YES;
				DEVELOPMENT_TEAM = 24QXGCES3E;
				DYLIB_COMPATIBILITY_VERSION = 1;
				DYLIB_CURRENT_VERSION = 1;
				DYLIB_INSTALL_NAME_BASE = "@rpath";
				INFOPLIST_FILE = Zapic/Info.plist;
				INSTALL_PATH = "$(LOCAL_LIBRARY_DIR)/Frameworks";
				IPHONEOS_DEPLOYMENT_TARGET = 9.0;
				LD_RUNPATH_SEARCH_PATHS = (
					"$(inherited)",
					"@executable_path/Frameworks",
					"@loader_path/Frameworks",
				);
				PRODUCT_BUNDLE_IDENTIFIER = com.zapic.Zapic;
				PRODUCT_NAME = "$(TARGET_NAME:c99extidentifier)";
				SKIP_INSTALL = YES;
				TARGETED_DEVICE_FAMILY = "1,2";
			};
			name = Release;
		};
		65202DE520F7ED8C00BFF532 /* Debug */ = {
			isa = XCBuildConfiguration;
			buildSettings = {
				CODE_SIGN_STYLE = Automatic;
				DEVELOPMENT_TEAM = 24QXGCES3E;
				INFOPLIST_FILE = ZapicTests/Info.plist;
				LD_RUNPATH_SEARCH_PATHS = (
					"$(inherited)",
					"@executable_path/Frameworks",
					"@loader_path/Frameworks",
				);
				PRODUCT_BUNDLE_IDENTIFIER = com.zapic.ZapicTests;
				PRODUCT_NAME = "$(TARGET_NAME)";
				TARGETED_DEVICE_FAMILY = "1,2";
			};
			name = Debug;
		};
		65202DE620F7ED8C00BFF532 /* Release */ = {
			isa = XCBuildConfiguration;
			buildSettings = {
				CODE_SIGN_STYLE = Automatic;
				DEVELOPMENT_TEAM = 24QXGCES3E;
				INFOPLIST_FILE = ZapicTests/Info.plist;
				LD_RUNPATH_SEARCH_PATHS = (
					"$(inherited)",
					"@executable_path/Frameworks",
					"@loader_path/Frameworks",
				);
				PRODUCT_BUNDLE_IDENTIFIER = com.zapic.ZapicTests;
				PRODUCT_NAME = "$(TARGET_NAME)";
				TARGETED_DEVICE_FAMILY = "1,2";
			};
			name = Release;
		};
/* End XCBuildConfiguration section */

/* Begin XCConfigurationList section */
		65202DC720F7ED8C00BFF532 /* Build configuration list for PBXProject "Zapic" */ = {
			isa = XCConfigurationList;
			buildConfigurations = (
				65202DDF20F7ED8C00BFF532 /* Debug */,
				65202DE020F7ED8C00BFF532 /* Release */,
			);
			defaultConfigurationIsVisible = 0;
			defaultConfigurationName = Release;
		};
		65202DE120F7ED8C00BFF532 /* Build configuration list for PBXNativeTarget "Zapic" */ = {
			isa = XCConfigurationList;
			buildConfigurations = (
				65202DE220F7ED8C00BFF532 /* Debug */,
				65202DE320F7ED8C00BFF532 /* Release */,
			);
			defaultConfigurationIsVisible = 0;
			defaultConfigurationName = Release;
		};
		65202DE420F7ED8C00BFF532 /* Build configuration list for PBXNativeTarget "ZapicTests" */ = {
			isa = XCConfigurationList;
			buildConfigurations = (
				65202DE520F7ED8C00BFF532 /* Debug */,
				65202DE620F7ED8C00BFF532 /* Release */,
			);
			defaultConfigurationIsVisible = 0;
			defaultConfigurationName = Release;
		};
/* End XCConfigurationList section */
	};
	rootObject = 65202DC420F7ED8C00BFF532 /* Project object */;
}
